{
  "version": 4,
  "terraform_version": "1.10.3",
  "serial": 4,
  "lineage": "7adb84e3-c60c-c767-93f8-b4cc136eb81c",
  "outputs": {},
  "resources": [
    {
      "mode": "managed",
      "type": "linode_instance",
      "name": "dbs",
      "provider": "provider[\"registry.terraform.io/linode/linode\"]",
      "instances": [
        {
          "index_key": 0,
          "schema_version": 0,
          "attributes": {
            "alerts": [
              {
                "cpu": 90,
                "io": 10000,
                "network_in": 10,
                "network_out": 10,
                "transfer_quota": 80
              }
            ],
            "authorized_keys": null,
            "authorized_users": null,
            "backup_id": null,
            "backups": [
              {
                "available": false,
                "enabled": false,
                "schedule": [
                  {
                    "day": "",
                    "window": ""
                  }
                ]
              }
            ],
            "backups_enabled": false,
            "boot_config_label": null,
            "booted": false,
            "config": [],
            "disk": [],
            "firewall_id": null,
            "group": "",
            "has_user_data": false,
            "host_uuid": "9370ab302925505d0202ca22e8cfaac93668f7bf",
            "id": "70017461",
            "image": null,
            "interface": [],
            "ip_address": "45.33.17.66",
            "ipv4": [
              "45.33.17.66"
            ],
            "ipv6": "2600:3c00::f03c:95ff:feac:8ae3/128",
            "label": "arya-stark-0",
            "metadata": [],
            "migration_type": "cold",
            "placement_group": [],
            "placement_group_externally_managed": null,
            "private_ip": false,
            "private_ip_address": null,
            "region": "us-central",
            "resize_disk": false,
            "root_pass": "l4f4HfeYv/5riyVbx16mnw14K4fHCYn3JdfEfWDSR0lET9T28PE2Wmj5PnjIbSBs8REcnNTDS/8QIXP0fIZEZA==",
            "shared_ipv4": [],
            "specs": [
              {
                "disk": 51200,
                "memory": 2048,
                "transfer": 2000,
                "vcpus": 1
              }
            ],
            "stackscript_data": null,
            "stackscript_id": null,
            "status": "offline",
            "swap_size": 0,
            "tags": [],
            "timeouts": null,
            "type": "g6-standard-1",
            "watchdog_enabled": true
          },
          "sensitive_attributes": [
            [
              {
                "type": "get_attr",
                "value": "root_pass"
              }
            ],
            [
              {
                "type": "get_attr",
                "value": "stackscript_data"
              }
            ]
          ],
          "private": "eyJlMmJmYjczMC1lY2FhLTExZTYtOGY4OC0zNDM2M2JjN2M0YzAiOnsiY3JlYXRlIjo5MDAwMDAwMDAwMDAsImRlbGV0ZSI6NjAwMDAwMDAwMDAwLCJ1cGRhdGUiOjM2MDAwMDAwMDAwMDB9fQ=="
        },
        {
          "index_key": 1,
          "schema_version": 0,
          "attributes": {
            "alerts": [
              {
                "cpu": 90,
                "io": 10000,
                "network_in": 10,
                "network_out": 10,
                "transfer_quota": 80
              }
            ],
            "authorized_keys": null,
            "authorized_users": null,
            "backup_id": null,
            "backups": [
              {
                "available": false,
                "enabled": false,
                "schedule": [
                  {
                    "day": "",
                    "window": ""
                  }
                ]
              }
            ],
            "backups_enabled": false,
            "boot_config_label": null,
            "booted": false,
            "config": [],
            "disk": [],
            "firewall_id": null,
            "group": "",
            "has_user_data": false,
            "host_uuid": "490bf5970b89e076119047743d2a6941f0c377f8",
            "id": "70017460",
            "image": null,
            "interface": [],
            "ip_address": "69.164.199.246",
            "ipv4": [
              "69.164.199.246"
            ],
            "ipv6": "2600:3c00::f03c:95ff:feac:8a2b/128",
            "label": "arya-stark-1",
            "metadata": [],
            "migration_type": "cold",
            "placement_group": [],
            "placement_group_externally_managed": null,
            "private_ip": false,
            "private_ip_address": null,
            "region": "us-central",
            "resize_disk": false,
            "root_pass": "l4f4HfeYv/5riyVbx16mnw14K4fHCYn3JdfEfWDSR0lET9T28PE2Wmj5PnjIbSBs8REcnNTDS/8QIXP0fIZEZA==",
            "shared_ipv4": [],
            "specs": [
              {
                "disk": 51200,
                "memory": 2048,
                "transfer": 2000,
                "vcpus": 1
              }
            ],
            "stackscript_data": null,
            "stackscript_id": null,
            "status": "offline",
            "swap_size": 0,
            "tags": [],
            "timeouts": null,
            "type": "g6-standard-1",
            "watchdog_enabled": true
          },
          "sensitive_attributes": [
            [
              {
                "type": "get_attr",
                "value": "root_pass"
              }
            ],
            [
              {
                "type": "get_attr",
                "value": "stackscript_data"
              }
            ]
          ],
          "private": "eyJlMmJmYjczMC1lY2FhLTExZTYtOGY4OC0zNDM2M2JjN2M0YzAiOnsiY3JlYXRlIjo5MDAwMDAwMDAwMDAsImRlbGV0ZSI6NjAwMDAwMDAwMDAwLCJ1cGRhdGUiOjM2MDAwMDAwMDAwMDB9fQ=="
        },
        {
          "index_key": 2,
          "schema_version": 0,
          "attributes": {
            "alerts": [
              {
                "cpu": 90,
                "io": 10000,
                "network_in": 10,
                "network_out": 10,
                "transfer_quota": 80
              }
            ],
            "authorized_keys": null,
            "authorized_users": null,
            "backup_id": null,
            "backups": [
              {
                "available": false,
                "enabled": false,
                "schedule": [
                  {
                    "day": "",
                    "window": ""
                  }
                ]
              }
            ],
            "backups_enabled": false,
            "boot_config_label": null,
            "booted": false,
            "config": [],
            "disk": [],
            "firewall_id": null,
            "group": "",
            "has_user_data": false,
            "host_uuid": "a246ba9291a1294ca093180b22801e1ec7a9ef04",
            "id": "70017462",
            "image": null,
            "interface": [],
            "ip_address": "45.33.17.201",
            "ipv4": [
              "45.33.17.201"
            ],
            "ipv6": "2600:3c00::f03c:95ff:feac:8aaf/128",
            "label": "arya-stark-2",
            "metadata": [],
            "migration_type": "cold",
            "placement_group": [],
            "placement_group_externally_managed": null,
            "private_ip": false,
            "private_ip_address": null,
            "region": "us-central",
            "resize_disk": false,
            "root_pass": "l4f4HfeYv/5riyVbx16mnw14K4fHCYn3JdfEfWDSR0lET9T28PE2Wmj5PnjIbSBs8REcnNTDS/8QIXP0fIZEZA==",
            "shared_ipv4": [],
            "specs": [
              {
                "disk": 51200,
                "memory": 2048,
                "transfer": 2000,
                "vcpus": 1
              }
            ],
            "stackscript_data": null,
            "stackscript_id": null,
            "status": "offline",
            "swap_size": 0,
            "tags": [],
            "timeouts": null,
            "type": "g6-standard-1",
            "watchdog_enabled": true
          },
          "sensitive_attributes": [
            [
              {
                "type": "get_attr",
                "value": "stackscript_data"
              }
            ],
            [
              {
                "type": "get_attr",
                "value": "root_pass"
              }
            ]
          ],
          "private": "eyJlMmJmYjczMC1lY2FhLTExZTYtOGY4OC0zNDM2M2JjN2M0YzAiOnsiY3JlYXRlIjo5MDAwMDAwMDAwMDAsImRlbGV0ZSI6NjAwMDAwMDAwMDAwLCJ1cGRhdGUiOjM2MDAwMDAwMDAwMDB9fQ=="
        }
      ]
    }
  ],
  "check_results": null
}
