{
  "version": 4,
  "terraform_version": "1.10.3",
  "serial": 7,
  "lineage": "a5efa0ad-75d6-6eb1-cf0d-291356b2c6fd",
  "outputs": {},
  "resources": [
    {
      "mode": "managed",
      "type": "github_branch",
      "name": "development",
      "provider": "provider[\"registry.terraform.io/integrations/github\"]",
      "instances": [
        {
          "schema_version": 0,
          "attributes": {
            "branch": "development",
            "etag": "W/\"eddfb00de9bca9473bf197c169836ab24b96cbc335ca2ca85afecf80bc901923\"",
            "id": "arya1:development",
            "ref": "refs/heads/development",
            "repository": "arya1",
            "sha": "c297affdb333242617449ae31e0fa5b8b4805d36",
            "source_branch": "main",
            "source_sha": "c297affdb333242617449ae31e0fa5b8b4805d36"
          },
          "sensitive_attributes": [],
          "private": "bnVsbA==",
          "dependencies": [
            "github_repository.arya"
          ]
        }
      ]
    },
    {
      "mode": "managed",
      "type": "github_repository",
      "name": "arya",
      "provider": "provider[\"registry.terraform.io/integrations/github\"]",
      "instances": [
        {
          "schema_version": 1,
          "attributes": {
            "allow_auto_merge": false,
            "allow_merge_commit": true,
            "allow_rebase_merge": true,
            "allow_squash_merge": true,
            "allow_update_branch": false,
            "archive_on_destroy": null,
            "archived": false,
            "auto_init": null,
            "default_branch": "main",
            "delete_branch_on_merge": false,
            "description": "this is Winterfell repository",
            "etag": "W/\"6b14147450c1107fad117cb12b52c0e5cdda03aceab22353d7973f5ee88e4e66\"",
            "full_name": "fullstackjava082023/arya1",
            "git_clone_url": "git://github.com/fullstackjava082023/arya1.git",
            "gitignore_template": null,
            "has_discussions": false,
            "has_downloads": false,
            "has_issues": false,
            "has_projects": false,
            "has_wiki": false,
            "homepage_url": "",
            "html_url": "https://github.com/fullstackjava082023/arya1",
            "http_clone_url": "https://github.com/fullstackjava082023/arya1.git",
            "id": "arya1",
            "ignore_vulnerability_alerts_during_read": null,
            "is_template": false,
            "license_template": null,
            "merge_commit_message": "PR_TITLE",
            "merge_commit_title": "MERGE_MESSAGE",
            "name": "arya1",
            "node_id": "R_kgDONpW34w",
            "pages": [],
            "primary_language": "",
            "private": false,
            "repo_id": 915781603,
            "security_and_analysis": [
              {
                "advanced_security": [],
                "secret_scanning": [
                  {
                    "status": "enabled"
                  }
                ],
                "secret_scanning_push_protection": [
                  {
                    "status": "enabled"
                  }
                ]
              }
            ],
            "squash_merge_commit_message": "COMMIT_MESSAGES",
            "squash_merge_commit_title": "COMMIT_OR_PR_TITLE",
            "ssh_clone_url": "git@github.com:fullstackjava082023/arya1.git",
            "svn_url": "https://github.com/fullstackjava082023/arya1",
            "template": [],
            "topics": [],
            "visibility": "public",
            "vulnerability_alerts": false,
            "web_commit_signoff_required": false
          },
          "sensitive_attributes": [],
          "private": "eyJzY2hlbWFfdmVyc2lvbiI6IjEifQ=="
        }
      ]
    }
  ],
  "check_results": null
}
