{
  "version": 4,
  "terraform_version": "1.10.3",
  "serial": 16,
  "lineage": "b74142e8-4de3-8a6f-7d1b-cc0be559b9be",
  "outputs": {
    "instructor_data": {
      "value": {
        "arn": "arn:aws:iam::590183884095:user/instructor",
        "id": "AIDAYS2NTMU7SL42GJTKX",
        "path": "/",
        "permissions_boundary": "",
        "tags": {
          "AKIAYS2NTMU76JMMJGR4": "keys"
        },
        "user_id": "AIDAYS2NTMU7SL42GJTKX",
        "user_name": "instructor"
      },
      "type": [
        "object",
        {
          "arn": "string",
          "id": "string",
          "path": "string",
          "permissions_boundary": "string",
          "tags": [
            "map",
            "string"
          ],
          "user_id": "string",
          "user_name": "string"
        }
      ]
    }
  },
  "resources": [
    {
      "mode": "data",
      "type": "aws_iam_policy",
      "name": "rds_full",
      "provider": "provider[\"registry.terraform.io/hashicorp/aws\"]",
      "instances": [
        {
          "schema_version": 0,
          "attributes": {
            "arn": "arn:aws:iam::aws:policy/AmazonRDSFullAccess",
            "attachment_count": 1,
            "description": "Provides full access to Amazon RDS via the AWS Management Console.",
            "id": "arn:aws:iam::aws:policy/AmazonRDSFullAccess",
            "name": "AmazonRDSFullAccess",
            "path": "/",
            "path_prefix": null,
            "policy": "{\n\t\"Version\": \"2012-10-17\",\n\t\"Statement\": [\n\t\t{\n\t\t\t\"Effect\": \"Allow\",\n\t\t\t\"Action\": [\n\t\t\t\t\"rds:*\",\n\t\t\t\t\"application-autoscaling:DeleteScalingPolicy\",\n\t\t\t\t\"application-autoscaling:DeregisterScalableTarget\",\n\t\t\t\t\"application-autoscaling:DescribeScalableTargets\",\n\t\t\t\t\"application-autoscaling:DescribeScalingActivities\",\n\t\t\t\t\"application-autoscaling:DescribeScalingPolicies\",\n\t\t\t\t\"application-autoscaling:PutScalingPolicy\",\n\t\t\t\t\"application-autoscaling:RegisterScalableTarget\",\n\t\t\t\t\"cloudwatch:DescribeAlarms\",\n\t\t\t\t\"cloudwatch:GetMetricStatistics\",\n\t\t\t\t\"cloudwatch:PutMetricAlarm\",\n\t\t\t\t\"cloudwatch:DeleteAlarms\",\n\t\t\t\t\"cloudwatch:ListMetrics\",\n\t\t\t\t\"cloudwatch:GetMetricData\",\n\t\t\t\t\"ec2:DescribeAccountAttributes\",\n\t\t\t\t\"ec2:DescribeAvailabilityZones\",\n\t\t\t\t\"ec2:DescribeCoipPools\",\n\t\t\t\t\"ec2:DescribeInternetGateways\",\n\t\t\t\t\"ec2:DescribeLocalGatewayRouteTablePermissions\",\n\t\t\t\t\"ec2:DescribeLocalGatewayRouteTables\",\n\t\t\t\t\"ec2:DescribeLocalGatewayRouteTableVpcAssociations\",\n\t\t\t\t\"ec2:DescribeLocalGateways\",\n\t\t\t\t\"ec2:DescribeSecurityGroups\",\n\t\t\t\t\"ec2:DescribeSubnets\",\n\t\t\t\t\"ec2:DescribeVpcAttribute\",\n\t\t\t\t\"ec2:DescribeVpcs\",\n\t\t\t\t\"ec2:GetCoipPoolUsage\",\n\t\t\t\t\"sns:ListSubscriptions\",\n\t\t\t\t\"sns:ListTopics\",\n\t\t\t\t\"sns:Publish\",\n\t\t\t\t\"logs:DescribeLogStreams\",\n\t\t\t\t\"logs:GetLogEvents\",\n\t\t\t\t\"outposts:GetOutpostInstanceTypes\",\n\t\t\t\t\"devops-guru:GetResourceCollection\"\n\t\t\t],\n\t\t\t\"Resource\": \"*\"\n\t\t},\n\t\t{\n\t\t\t\"Effect\": \"Allow\",\n\t\t\t\"Action\": \"pi:*\",\n\t\t\t\"Resource\": [\n\t\t\t\t\"arn:aws:pi:*:*:metrics/rds/*\",\n\t\t\t\t\"arn:aws:pi:*:*:perf-reports/rds/*\"\n\t\t\t]\n\t\t},\n\t\t{\n\t\t\t\"Effect\": \"Allow\",\n\t\t\t\"Action\": \"iam:CreateServiceLinkedRole\",\n\t\t\t\"Resource\": \"*\",\n\t\t\t\"Condition\": {\n\t\t\t\t\"StringLike\": {\n\t\t\t\t\t\"iam:AWSServiceName\": [\n\t\t\t\t\t\t\"rds.amazonaws.com\",\n\t\t\t\t\t\t\"rds.application-autoscaling.amazonaws.com\"\n\t\t\t\t\t]\n\t\t\t\t}\n\t\t\t}\n\t\t},\n\t\t{\n\t\t\t\"Action\": [\n\t\t\t\t\"devops-guru:SearchInsights\",\n\t\t\t\t\"devops-guru:ListAnomaliesForInsight\"\n\t\t\t],\n\t\t\t\"Effect\": \"Allow\",\n\t\t\t\"Resource\": \"*\",\n\t\t\t\"Condition\": {\n\t\t\t\t\"ForAllValues:StringEquals\": {\n\t\t\t\t\t\"devops-guru:ServiceNames\": [\n\t\t\t\t\t\t\"RDS\"\n\t\t\t\t\t]\n\t\t\t\t},\n\t\t\t\t\"Null\": {\n\t\t\t\t\t\"devops-guru:ServiceNames\": \"false\"\n\t\t\t\t}\n\t\t\t}\n\t\t}\n\t]\n}",
            "policy_id": "ANPAI3R4QMOG6Q5A4VWVG",
            "tags": {}
          },
          "sensitive_attributes": []
        }
      ]
    },
    {
      "mode": "data",
      "type": "aws_iam_user",
      "name": "instructor",
      "provider": "provider[\"registry.terraform.io/hashicorp/aws\"]",
      "instances": [
        {
          "schema_version": 0,
          "attributes": {
            "arn": "arn:aws:iam::590183884095:user/instructor",
            "id": "AIDAYS2NTMU7SL42GJTKX",
            "path": "/",
            "permissions_boundary": "",
            "tags": {
              "AKIAYS2NTMU76JMMJGR4": "keys"
            },
            "user_id": "AIDAYS2NTMU7SL42GJTKX",
            "user_name": "instructor"
          },
          "sensitive_attributes": []
        }
      ]
    },
    {
      "mode": "managed",
      "type": "aws_iam_group",
      "name": "s3FullAccess",
      "provider": "provider[\"registry.terraform.io/hashicorp/aws\"]",
      "instances": [
        {
          "schema_version": 0,
          "attributes": {
            "arn": "arn:aws:iam::590183884095:group/s3FullAccess",
            "id": "s3FullAccess",
            "name": "s3FullAccess",
            "path": "/",
            "unique_id": "AGPAYS2NTMU724AZ27WAR"
          },
          "sensitive_attributes": [],
          "private": "bnVsbA=="
        }
      ]
    },
    {
      "mode": "managed",
      "type": "aws_iam_group_policy_attachment",
      "name": "s3FullAccess_attachment",
      "provider": "provider[\"registry.terraform.io/hashicorp/aws\"]",
      "instances": [
        {
          "schema_version": 0,
          "attributes": {
            "group": "s3FullAccess",
            "id": "s3FullAccess-20250119193258708200000001",
            "policy_arn": "arn:aws:iam::590183884095:policy/s3_all"
          },
          "sensitive_attributes": [],
          "private": "bnVsbA==",
          "dependencies": [
            "aws_iam_group.s3FullAccess",
            "aws_iam_policy.s3_all"
          ]
        }
      ]
    },
    {
      "mode": "managed",
      "type": "aws_iam_policy",
      "name": "s3_all",
      "provider": "provider[\"registry.terraform.io/hashicorp/aws\"]",
      "instances": [
        {
          "schema_version": 0,
          "attributes": {
            "arn": "arn:aws:iam::590183884095:policy/s3_all",
            "attachment_count": 1,
            "description": "Allow all actions on all S3 buckets",
            "id": "arn:aws:iam::590183884095:policy/s3_all",
            "name": "s3_all",
            "name_prefix": "",
            "path": "/",
            "policy": "{\"Statement\":[{\"Action\":\"s3:*\",\"Effect\":\"Allow\",\"Resource\":\"*\"}],\"Version\":\"2012-10-17\"}",
            "policy_id": "ANPAYS2NTMU76WSKTRBBR",
            "tags": {},
            "tags_all": {}
          },
          "sensitive_attributes": [],
          "private": "bnVsbA=="
        }
      ]
    },
    {
      "mode": "managed",
      "type": "aws_iam_user",
      "name": "arya",
      "provider": "provider[\"registry.terraform.io/hashicorp/aws\"]",
      "instances": [
        {
          "schema_version": 0,
          "attributes": {
            "arn": "arn:aws:iam::590183884095:user/arya-stark",
            "force_destroy": false,
            "id": "arya-stark",
            "name": "arya-stark",
            "path": "/",
            "permissions_boundary": "",
            "tags": {},
            "tags_all": {},
            "unique_id": "AIDAYS2NTMU7XN5NQSRPP"
          },
          "sensitive_attributes": [],
          "private": "bnVsbA=="
        }
      ]
    },
    {
      "mode": "managed",
      "type": "aws_iam_user_policy_attachment",
      "name": "arya_rds_full",
      "provider": "provider[\"registry.terraform.io/hashicorp/aws\"]",
      "instances": [
        {
          "schema_version": 0,
          "attributes": {
            "id": "arya-stark-20250119192825105600000001",
            "policy_arn": "arn:aws:iam::aws:policy/AmazonRDSFullAccess",
            "user": "arya-stark"
          },
          "sensitive_attributes": [],
          "private": "bnVsbA==",
          "dependencies": [
            "aws_iam_user.arya",
            "data.aws_iam_policy.rds_full"
          ]
        }
      ]
    },
    {
      "mode": "managed",
      "type": "aws_iam_user_policy_attachment",
      "name": "arya_s3_all",
      "provider": "provider[\"registry.terraform.io/hashicorp/aws\"]",
      "instances": [
        {
          "schema_version": 0,
          "attributes": {
            "id": "arya-stark-20250119192203383300000001",
            "policy_arn": "arn:aws:iam::590183884095:policy/s3_all",
            "user": "arya-stark"
          },
          "sensitive_attributes": [],
          "private": "bnVsbA==",
          "dependencies": [
            "aws_iam_policy.s3_all",
            "aws_iam_user.arya"
          ]
        }
      ]
    }
  ],
  "check_results": null
}
