{
  "version": 4,
  "terraform_version": "1.10.3",
  "serial": 54,
  "lineage": "fe8492c8-ae37-847e-dbc3-ad8d06a2bd92",
  "outputs": {
    "random_pet": {
      "value": "the random pet is : mrs.adder",
      "type": "string"
    }
  },
  "resources": [
    {
      "mode": "managed",
      "type": "local_file",
      "name": "pet",
      "provider": "provider[\"registry.terraform.io/hashicorp/local\"]",
      "instances": [
        {
          "schema_version": 0,
          "attributes": {
            "content": "I am a dog",
            "content_base64": null,
            "content_base64sha256": "YuAXrB5YzqzoJMD08c193HLBgpvSlsouOmZdvWPbZAM=",
            "content_base64sha512": "yW58aAowNichT4sTb1uMzWdOEqXSAPb2S+7BuHZPrnY3EHj/UgT+1UpTKOKYF8UNNgQNHlYVV7WJnTd7ebXDOQ==",
            "content_md5": "362ea11db90f7e6822b13458669906d1",
            "content_sha1": "881514270fe11e528480384fa2b7945eac8710dc",
            "content_sha256": "62e017ac1e58ceace824c0f4f1cd7ddc72c1829bd296ca2e3a665dbd63db6403",
            "content_sha512": "c96e7c680a303627214f8b136f5b8ccd674e12a5d200f6f64beec1b8764fae76371078ff5204fed54a5328e29817c50d36040d1e561557b5899d377b79b5c339",
            "directory_permission": "0777",
            "file_permission": "0777",
            "filename": "dogs.txt",
            "id": "881514270fe11e528480384fa2b7945eac8710dc",
            "sensitive_content": null,
            "source": null
          },
          "sensitive_attributes": [
            [
              {
                "type": "get_attr",
                "value": "sensitive_content"
              }
            ]
          ]
        }
      ]
    },
    {
      "mode": "managed",
      "type": "random_pet",
      "name": "mrs_pet",
      "provider": "provider[\"registry.terraform.io/hashicorp/random\"]",
      "instances": [
        {
          "schema_version": 0,
          "attributes": {
            "id": "mrs.adder",
            "keepers": null,
            "length": 1,
            "prefix": "mrs",
            "separator": "."
          },
          "sensitive_attributes": []
        }
      ]
    }
  ],
  "check_results": null
}
